
Microsoft Visual Studio Solution File, Format Version 12.00
# Visual Studio 14
VisualStudioVersion = 14.0.25420.1
MinimumVisualStudioVersion = 10.0.40219.1
Project("{FAE04EC0-301F-11D3-BF4B-00C04F79EFBC}") = "SourceCode", "SourceCode\SourceCode.csproj", "{69213ADA-C58C-4497-831D-EB9964018951}"
EndProject
Project("{FAE04EC0-301F-11D3-BF4B-00C04F79EFBC}") = "OutlookSql", "OutlookSql\OutlookSql.csproj", "{15D8BC36-5BFF-4BBB-9E3B-7F19CDC0F1F1}"
EndProject
Project("{FAE04EC0-301F-11D3-BF4B-00C04F79EFBC}") = "OutlookOffice", "OutlookOffice\OutlookOffice.csproj", "{849124CB-94E2-4CEA-AF6E-1606CD1F6E29}"
EndProject
Project("{FAE04EC0-301F-11D3-BF4B-00C04F79EFBC}") = "OutlookCore", "OutlookCore\OutlookCore.csproj", "{448169A7-AB54-4DCE-B30A-739C82E49F0C}"
EndProject
Project("{FAE04EC0-301F-11D3-BF4B-00C04F79EFBC}") = "UnitTest", "UnitTest\UnitTest.csproj", "{2E3DF5C2-8A38-4A03-86D7-8D463C917E47}"
EndProject
Global
	GlobalSection(SolutionConfigurationPlatforms) = preSolution
		Debug|x64 = Debug|x64
		Release|x64 = Release|x64
	EndGlobalSection
	GlobalSection(ProjectConfigurationPlatforms) = postSolution
		{69213ADA-C58C-4497-831D-EB9964018951}.Debug|x64.ActiveCfg = Debug|x64
		{69213ADA-C58C-4497-831D-EB9964018951}.Debug|x64.Build.0 = Debug|x64
		{69213ADA-C58C-4497-831D-EB9964018951}.Release|x64.ActiveCfg = Release|x64
		{69213ADA-C58C-4497-831D-EB9964018951}.Release|x64.Build.0 = Release|x64
		{15D8BC36-5BFF-4BBB-9E3B-7F19CDC0F1F1}.Debug|x64.ActiveCfg = Debug|x64
		{15D8BC36-5BFF-4BBB-9E3B-7F19CDC0F1F1}.Debug|x64.Build.0 = Debug|x64
		{15D8BC36-5BFF-4BBB-9E3B-7F19CDC0F1F1}.Release|x64.ActiveCfg = Release|x64
		{15D8BC36-5BFF-4BBB-9E3B-7F19CDC0F1F1}.Release|x64.Build.0 = Release|x64
		{849124CB-94E2-4CEA-AF6E-1606CD1F6E29}.Debug|x64.ActiveCfg = Debug|x64
		{849124CB-94E2-4CEA-AF6E-1606CD1F6E29}.Debug|x64.Build.0 = Debug|x64
		{849124CB-94E2-4CEA-AF6E-1606CD1F6E29}.Release|x64.ActiveCfg = Release|x64
		{849124CB-94E2-4CEA-AF6E-1606CD1F6E29}.Release|x64.Build.0 = Release|x64
		{448169A7-AB54-4DCE-B30A-739C82E49F0C}.Debug|x64.ActiveCfg = Debug|x64
		{448169A7-AB54-4DCE-B30A-739C82E49F0C}.Debug|x64.Build.0 = Debug|x64
		{448169A7-AB54-4DCE-B30A-739C82E49F0C}.Release|x64.ActiveCfg = Release|x64
		{448169A7-AB54-4DCE-B30A-739C82E49F0C}.Release|x64.Build.0 = Release|x64
		{2E3DF5C2-8A38-4A03-86D7-8D463C917E47}.Debug|x64.ActiveCfg = Debug|x64
		{2E3DF5C2-8A38-4A03-86D7-8D463C917E47}.Debug|x64.Build.0 = Debug|x64
		{2E3DF5C2-8A38-4A03-86D7-8D463C917E47}.Release|x64.ActiveCfg = Release|x64
		{2E3DF5C2-8A38-4A03-86D7-8D463C917E47}.Release|x64.Build.0 = Release|x64
	EndGlobalSection
	GlobalSection(SolutionProperties) = preSolution
		HideSolutionNode = FALSE
	EndGlobalSection
EndGlobal
